{
  "requires": true,
  "lockfileVersion": 1,
  "dependencies": {
    "rita": {
      "version": "2.4.91",
      "resolved": "https://registry.npmjs.org/rita/-/rita-2.4.91.tgz",
      "integrity": "sha512-jTN1AZkAmxZKcx/1yHcUPsKBPRdzqESogYI9dESqMTk8Q42CB2ykpTN1SbcEMuHTiMAARTrBUNOc/eqzdkxq9w=="
    }
  }
}
